// !$*UTF8*$!
{
	archiveVersion = 1;
	classes = {
	};
	objectVersion = 46;
	objects = {

/* Begin PBXBuildFile section */
		D649182A19E812FD00591BFD /* AppDelegate.swift in Sources */ = {isa = PBXBuildFile; fileRef = D649182919E812FD00591BFD /* AppDelegate.swift */; };
		D649182C19E812FD00591BFD /* ViewController.swift in Sources */ = {isa = PBXBuildFile; fileRef = D649182B19E812FD00591BFD /* ViewController.swift */; };
		D649182F19E812FD00591BFD /* Main.storyboard in Resources */ = {isa = PBXBuildFile; fileRef = D649182D19E812FD00591BFD /* Main.storyboard */; };
		D649183119E812FD00591BFD /* Images.xcassets in Resources */ = {isa = PBXBuildFile; fileRef = D649183019E812FD00591BFD /* Images.xcassets */; };
		D649183419E812FD00591BFD /* LaunchScreen.xib in Resources */ = {isa = PBXBuildFile; fileRef = D649183219E812FD00591BFD /* LaunchScreen.xib */; };
		D649184019E812FE00591BFD /* QuizzTests.swift in Sources */ = {isa = PBXBuildFile; fileRef = D649183F19E812FE00591BFD /* QuizzTests.swift */; };
		D649184A19E8134800591BFD /* QuestionsReponses.swift in Sources */ = {isa = PBXBuildFile; fileRef = D649184919E8134800591BFD /* QuestionsReponses.swift */; };
/* End PBXBuildFile section */

/* Begin PBXContainerItemProxy section */
		D649183A19E812FD00591BFD /* PBXContainerItemProxy */ = {
			isa = PBXContainerItemProxy;
			containerPortal = D649181C19E812FD00591BFD /* Project object */;
			proxyType = 1;
			remoteGlobalIDString = D649182319E812FD00591BFD;
			remoteInfo = Quizz;
		};
/* End PBXContainerItemProxy section */

/* Begin PBXFileReference section */
		D649182419E812FD00591BFD /* Quizz.app */ = {isa = PBXFileReference; explicitFileType = wrapper.application; includeInIndex = 0; path = Quizz.app; sourceTree = BUILT_PRODUCTS_DIR; };
		D649182819E812FD00591BFD /* Info.plist */ = {isa = PBXFileReference; lastKnownFileType = text.plist.xml; path = Info.plist; sourceTree = "<group>"; };
		D649182919E812FD00591BFD /* AppDelegate.swift */ = {isa = PBXFileReference; lastKnownFileType = sourcecode.swift; path = AppDelegate.swift; sourceTree = "<group>"; };
		D649182B19E812FD00591BFD /* ViewController.swift */ = {isa = PBXFileReference; lastKnownFileType = sourcecode.swift; path = ViewController.swift; sourceTree = "<group>"; };
		D649182E19E812FD00591BFD /* Base */ = {isa = PBXFileReference; lastKnownFileType = file.storyboard; name = Base; path = Base.lproj/Main.storyboard; sourceTree = "<group>"; };
		D649183019E812FD00591BFD /* Images.xcassets */ = {isa = PBXFileReference; lastKnownFileType = folder.assetcatalog; path = Images.xcassets; sourceTree = "<group>"; };
		D649183319E812FD00591BFD /* Base */ = {isa = PBXFileReference; lastKnownFileType = file.xib; name = Base; path = Base.lproj/LaunchScreen.xib; sourceTree = "<group>"; };
		D649183919E812FD00591BFD /* QuizzTests.xctest */ = {isa = PBXFileReference; explicitFileType = wrapper.cfbundle; includeInIndex = 0; path = QuizzTests.xctest; sourceTree = BUILT_PRODUCTS_DIR; };
		D649183E19E812FD00591BFD /* Info.plist */ = {isa = PBXFileReference; lastKnownFileType = text.plist.xml; path = Info.plist; sourceTree = "<group>"; };
		D649183F19E812FE00591BFD /* QuizzTests.swift */ = {isa = PBXFileReference; lastKnownFileType = sourcecode.swift; path = QuizzTests.swift; sourceTree = "<group>"; };
		D649184919E8134800591BFD /* QuestionsReponses.swift */ = {isa = PBXFileReference; fileEncoding = 4; lastKnownFileType = sourcecode.swift; path = QuestionsReponses.swift; sourceTree = "<group>"; };
/* End PBXFileReference section */

/* Begin PBXFrameworksBuildPhase section */
		D649182119E812FD00591BFD /* Frameworks */ = {
			isa = PBXFrameworksBuildPhase;
			buildActionMask = 2147483647;
			files = (
			);
			runOnlyForDeploymentPostprocessing = 0;
		};
		D649183619E812FD00591BFD /* Frameworks */ = {
			isa = PBXFrameworksBuildPhase;
			buildActionMask = 2147483647;
			files = (
			);
			runOnlyForDeploymentPostprocessing = 0;
		};
/* End PBXFrameworksBuildPhase section */

/* Begin PBXGroup section */
		D649181B19E812FD00591BFD = {
			isa = PBXGroup;
			children = (
				D649182619E812FD00591BFD /* Quizz */,
				D649183C19E812FD00591BFD /* QuizzTests */,
				D649182519E812FD00591BFD /* Products */,
			);
			sourceTree = "<group>";
		};
		D649182519E812FD00591BFD /* Products */ = {
			isa = PBXGroup;
			children = (
				D649182419E812FD00591BFD /* Quizz.app */,
				D649183919E812FD00591BFD /* QuizzTests.xctest */,
			);
			name = Products;
			sourceTree = "<group>";
		};
		D649182619E812FD00591BFD /* Quizz */ = {
			isa = PBXGroup;
			children = (
				D649182919E812FD00591BFD /* AppDelegate.swift */,
				D649182B19E812FD00591BFD /* ViewController.swift */,
				D649182D19E812FD00591BFD /* Main.storyboard */,
				D649183019E812FD00591BFD /* Images.xcassets */,
				D649183219E812FD00591BFD /* LaunchScreen.xib */,
				D649182719E812FD00591BFD /* Supporting Files */,
				D649184919E8134800591BFD /* QuestionsReponses.swift */,
			);
			path = Quizz;
			sourceTree = "<group>";
		};
		D649182719E812FD00591BFD /* Supporting Files */ = {
			isa = PBXGroup;
			children = (
				D649182819E812FD00591BFD /* Info.plist */,
			);
			name = "Supporting Files";
			sourceTree = "<group>";
		};
		D649183C19E812FD00591BFD /* QuizzTests */ = {
			isa = PBXGroup;
			children = (
				D649183F19E812FE00591BFD /* QuizzTests.swift */,
				D649183D19E812FD00591BFD /* Supporting Files */,
			);
			path = QuizzTests;
			sourceTree = "<group>";
		};
		D649183D19E812FD00591BFD /* Supporting Files */ = {
			isa = PBXGroup;
			children = (
				D649183E19E812FD00591BFD /* Info.plist */,
			);
			name = "Supporting Files";
			sourceTree = "<group>";
		};
/* End PBXGroup section */

/* Begin PBXNativeTarget section */
		D649182319E812FD00591BFD /* Quizz */ = {
			isa = PBXNativeTarget;
			buildConfigurationList = D649184319E812FE00591BFD /* Build configuration list for PBXNativeTarget "Quizz" */;
			buildPhases = (
				D649182019E812FD00591BFD /* Sources */,
				D649182119E812FD00591BFD /* Frameworks */,
				D649182219E812FD00591BFD /* Resources */,
			);
			buildRules = (
			);
			dependencies = (
			);
			name = Quizz;
			productName = Quizz;
			productReference = D649182419E812FD00591BFD /* Quizz.app */;
			productType = "com.apple.product-type.application";
		};
		D649183819E812FD00591BFD /* QuizzTests */ = {
			isa = PBXNativeTarget;
			buildConfigurationList = D649184619E812FE00591BFD /* Build configuration list for PBXNativeTarget "QuizzTests" */;
			buildPhases = (
				D649183519E812FD00591BFD /* Sources */,
				D649183619E812FD00591BFD /* Frameworks */,
				D649183719E812FD00591BFD /* Resources */,
			);
			buildRules = (
			);
			dependencies = (
				D649183B19E812FD00591BFD /* PBXTargetDependency */,
			);
			name = QuizzTests;
			productName = QuizzTests;
			productReference = D649183919E812FD00591BFD /* QuizzTests.xctest */;
			productType = "com.apple.product-type.bundle.unit-test";
		};
/* End PBXNativeTarget section */

/* Begin PBXProject section */
		D649181C19E812FD00591BFD /* Project object */ = {
			isa = PBXProject;
			attributes = {
				LastSwiftUpdateCheck = 0720;
				LastUpgradeCheck = 0600;
				ORGANIZATIONNAME = m2sar;
				TargetAttributes = {
					D649182319E812FD00591BFD = {
						CreatedOnToolsVersion = 6.0;
						DevelopmentTeam = MRV7A6DFL3;
					};
					D649183819E812FD00591BFD = {
						CreatedOnToolsVersion = 6.0;
						TestTargetID = D649182319E812FD00591BFD;
					};
				};
			};
			buildConfigurationList = D649181F19E812FD00591BFD /* Build configuration list for PBXProject "Quizz" */;
			compatibilityVersion = "Xcode 3.2";
			developmentRegion = English;
			hasScannedForEncodings = 0;
			knownRegions = (
				en,
				Base,
			);
			mainGroup = D649181B19E812FD00591BFD;
			productRefGroup = D649182519E812FD00591BFD /* Products */;
			projectDirPath = "";
			projectRoot = "";
			targets = (
				D649182319E812FD00591BFD /* Quizz */,
				D649183819E812FD00591BFD /* QuizzTests */,
			);
		};
/* End PBXProject section */

/* Begin PBXResourcesBuildPhase section */
		D649182219E812FD00591BFD /* Resources */ = {
			isa = PBXResourcesBuildPhase;
			buildActionMask = 2147483647;
			files = (
				D649182F19E812FD00591BFD /* Main.storyboard in Resources */,
				D649183419E812FD00591BFD /* LaunchScreen.xib in Resources */,
				D649183119E812FD00591BFD /* Images.xcassets in Resources */,
			);
			runOnlyForDeploymentPostprocessing = 0;
		};
		D649183719E812FD00591BFD /* Resources */ = {
			isa = PBXResourcesBuildPhase;
			buildActionMask = 2147483647;
			files = (
			);
			runOnlyForDeploymentPostprocessing = 0;
		};
/* End PBXResourcesBuildPhase section */

/* Begin PBXSourcesBuildPhase section */
		D649182019E812FD00591BFD /* Sources */ = {
			isa = PBXSourcesBuildPhase;
			buildActionMask = 2147483647;
			files = (
				D649182C19E812FD00591BFD /* ViewController.swift in Sources */,
				D649184A19E8134800591BFD /* QuestionsReponses.swift in Sources */,
				D649182A19E812FD00591BFD /* AppDelegate.swift in Sources */,
			);
			runOnlyForDeploymentPostprocessing = 0;
		};
		D649183519E812FD00591BFD /* Sources */ = {
			isa = PBXSourcesBuildPhase;
			buildActionMask = 2147483647;
			files = (
				D649184019E812FE00591BFD /* QuizzTests.swift in Sources */,
			);
			runOnlyForDeploymentPostprocessing = 0;
		};
/* End PBXSourcesBuildPhase section */

/* Begin PBXTargetDependency section */
		D649183B19E812FD00591BFD /* PBXTargetDependency */ = {
			isa = PBXTargetDependency;
			target = D649182319E812FD00591BFD /* Quizz */;
			targetProxy = D649183A19E812FD00591BFD /* PBXContainerItemProxy */;
		};
/* End PBXTargetDependency section */

/* Begin PBXVariantGroup section */
		D649182D19E812FD00591BFD /* Main.storyboard */ = {
			isa = PBXVariantGroup;
			children = (
				D649182E19E812FD00591BFD /* Base */,
			);
			name = Main.storyboard;
			sourceTree = "<group>";
		};
		D649183219E812FD00591BFD /* LaunchScreen.xib */ = {
			isa = PBXVariantGroup;
			children = (
				D649183319E812FD00591BFD /* Base */,
			);
			name = LaunchScreen.xib;
			sourceTree = "<group>";
		};
/* End PBXVariantGroup section */

/* Begin XCBuildConfiguration section */
		D649184119E812FE00591BFD /* Debug */ = {
			isa = XCBuildConfiguration;
			buildSettings = {
				ALWAYS_SEARCH_USER_PATHS = NO;
				CLANG_CXX_LANGUAGE_STANDARD = "gnu++0x";
				CLANG_CXX_LIBRARY = "libc++";
				CLANG_ENABLE_MODULES = YES;
				CLANG_ENABLE_OBJC_ARC = YES;
				CLANG_WARN_BOOL_CONVERSION = YES;
				CLANG_WARN_CONSTANT_CONVERSION = YES;
				CLANG_WARN_DIRECT_OBJC_ISA_USAGE = YES_ERROR;
				CLANG_WARN_EMPTY_BODY = YES;
				CLANG_WARN_ENUM_CONVERSION = YES;
				CLANG_WARN_INT_CONVERSION = YES;
				CLANG_WARN_OBJC_ROOT_CLASS = YES_ERROR;
				CLANG_WARN_UNREACHABLE_CODE = YES;
				CLANG_WARN__DUPLICATE_METHOD_MATCH = YES;
				"CODE_SIGN_IDENTITY[sdk=iphoneos*]" = "iPhone Developer";
				COPY_PHASE_STRIP = NO;
				ENABLE_STRICT_OBJC_MSGSEND = YES;
				GCC_C_LANGUAGE_STANDARD = gnu99;
				GCC_DYNAMIC_NO_PIC = NO;
				GCC_OPTIMIZATION_LEVEL = 0;
				GCC_PREPROCESSOR_DEFINITIONS = (
					"DEBUG=1",
					"$(inherited)",
				);
				GCC_SYMBOLS_PRIVATE_EXTERN = NO;
				GCC_WARN_64_TO_32_BIT_CONVERSION = YES;
				GCC_WARN_ABOUT_RETURN_TYPE = YES_ERROR;
				GCC_WARN_UNDECLARED_SELECTOR = YES;
				GCC_WARN_UNINITIALIZED_AUTOS = YES_AGGRESSIVE;
				GCC_WARN_UNUSED_FUNCTION = YES;
				GCC_WARN_UNUSED_VARIABLE = YES;
				IPHONEOS_DEPLOYMENT_TARGET = 8.0;
				MTL_ENABLE_DEBUG_INFO = YES;
				ONLY_ACTIVE_ARCH = YES;
				SDKROOT = iphoneos;
				SWIFT_OPTIMIZATION_LEVEL = "-Onone";
				TARGETED_DEVICE_FAMILY = "1,2";
			};
			name = Debug;
		};
		D649184219E812FE00591BFD /* Release */ = {
			isa = XCBuildConfiguration;
			buildSettings = {
				ALWAYS_SEARCH_USER_PATHS = NO;
				CLANG_CXX_LANGUAGE_STANDARD = "gnu++0x";
				CLANG_CXX_LIBRARY = "libc++";
				CLANG_ENABLE_MODULES = YES;
				CLANG_ENABLE_OBJC_ARC = YES;
				CLANG_WARN_BOOL_CONVERSION = YES;
				CLANG_WARN_CONSTANT_CONVERSION = YES;
				CLANG_WARN_DIRECT_OBJC_ISA_USAGE = YES_ERROR;
				CLANG_WARN_EMPTY_BODY = YES;
				CLANG_WARN_ENUM_CONVERSION = YES;
				CLANG_WARN_INT_CONVERSION = YES;
				CLANG_WARN_OBJC_ROOT_CLASS = YES_ERROR;
				CLANG_WARN_UNREACHABLE_CODE = YES;
				CLANG_WARN__DUPLICATE_METHOD_MATCH = YES;
				"CODE_SIGN_IDENTITY[sdk=iphoneos*]" = "iPhone Developer";
				COPY_PHASE_STRIP = YES;
				ENABLE_NS_ASSERTIONS = NO;
				ENABLE_STRICT_OBJC_MSGSEND = YES;
				GCC_C_LANGUAGE_STANDARD = gnu99;
				GCC_WARN_64_TO_32_BIT_CONVERSION = YES;
				GCC_WARN_ABOUT_RETURN_TYPE = YES_ERROR;
				GCC_WARN_UNDECLARED_SELECTOR = YES;
				GCC_WARN_UNINITIALIZED_AUTOS = YES_AGGRESSIVE;
				GCC_WARN_UNUSED_FUNCTION = YES;
				GCC_WARN_UNUSED_VARIABLE = YES;
				IPHONEOS_DEPLOYMENT_TARGET = 8.0;
				MTL_ENABLE_DEBUG_INFO = NO;
				SDKROOT = iphoneos;
				TARGETED_DEVICE_FAMILY = "1,2";
				VALIDATE_PRODUCT = YES;
			};
			name = Release;
		};
		D649184419E812FE00591BFD /* Debug */ = {
			isa = XCBuildConfiguration;
			buildSettings = {
				ASSETCATALOG_COMPILER_APPICON_NAME = AppIcon;
				CODE_SIGN_IDENTITY = "iPhone Developer";
				INFOPLIST_FILE = Quizz/Info.plist;
				LD_RUNPATH_SEARCH_PATHS = "$(inherited) @executable_path/Frameworks";
				PRODUCT_BUNDLE_IDENTIFIER = sadaoui.com.Quizz;
				PRODUCT_NAME = "$(TARGET_NAME)";
			};
			name = Debug;
		};
		D649184519E812FE00591BFD /* Release */ = {
			isa = XCBuildConfiguration;
			buildSettings = {
				ASSETCATALOG_COMPILER_APPICON_NAME = AppIcon;
				CODE_SIGN_IDENTITY = "iPhone Developer";
				INFOPLIST_FILE = Quizz/Info.plist;
				LD_RUNPATH_SEARCH_PATHS = "$(inherited) @executable_path/Frameworks";
				PRODUCT_BUNDLE_IDENTIFIER = sadaoui.com.Quizz;
				PRODUCT_NAME = "$(TARGET_NAME)";
			};
			name = Release;
		};
		D649184719E812FE00591BFD /* Debug */ = {
			isa = XCBuildConfiguration;
			buildSettings = {
				BUNDLE_LOADER = "$(TEST_HOST)";
				FRAMEWORK_SEARCH_PATHS = (
					"$(SDKROOT)/Developer/Library/Frameworks",
					"$(inherited)",
				);
				GCC_PREPROCESSOR_DEFINITIONS = (
					"DEBUG=1",
					"$(inherited)",
				);
				INFOPLIST_FILE = QuizzTests/Info.plist;
				LD_RUNPATH_SEARCH_PATHS = "$(inherited) @executable_path/Frameworks @loader_path/Frameworks";
				PRODUCT_NAME = "$(TARGET_NAME)";
				TEST_HOST = "$(BUILT_PRODUCTS_DIR)/Quizz.app/Quizz";
			};
			name = Debug;
		};
		D649184819E812FE00591BFD /* Release */ = {
			isa = XCBuildConfiguration;
			buildSettings = {
				BUNDLE_LOADER = "$(TEST_HOST)";
				FRAMEWORK_SEARCH_PATHS = (
					"$(SDKROOT)/Developer/Library/Frameworks",
					"$(inherited)",
				);
				INFOPLIST_FILE = QuizzTests/Info.plist;
				LD_RUNPATH_SEARCH_PATHS = "$(inherited) @executable_path/Frameworks @loader_path/Frameworks";
				PRODUCT_NAME = "$(TARGET_NAME)";
				TEST_HOST = "$(BUILT_PRODUCTS_DIR)/Quizz.app/Quizz";
			};
			name = Release;
		};
/* End XCBuildConfiguration section */

/* Begin XCConfigurationList section */
		D649181F19E812FD00591BFD /* Build configuration list for PBXProject "Quizz" */ = {
			isa = XCConfigurationList;
			buildConfigurations = (
				D649184119E812FE00591BFD /* Debug */,
				D649184219E812FE00591BFD /* Release */,
			);
			defaultConfigurationIsVisible = 0;
			defaultConfigurationName = Release;
		};
		D649184319E812FE00591BFD /* Build configuration list for PBXNativeTarget "Quizz" */ = {
			isa = XCConfigurationList;
			buildConfigurations = (
				D649184419E812FE00591BFD /* Debug */,
				D649184519E812FE00591BFD /* Release */,
			);
			defaultConfigurationIsVisible = 0;
			defaultConfigurationName = Release;
		};
		D649184619E812FE00591BFD /* Build configuration list for PBXNativeTarget "QuizzTests" */ = {
			isa = XCConfigurationList;
			buildConfigurations = (
				D649184719E812FE00591BFD /* Debug */,
				D649184819E812FE00591BFD /* Release */,
			);
			defaultConfigurationIsVisible = 0;
			defaultConfigurationName = Release;
		};
/* End XCConfigurationList section */
	};
	rootObject = D649181C19E812FD00591BFD /* Project object */;
}
